// !$*UTF8*$!
{
	archiveVersion = 1;
	classes = {
	};
	objectVersion = 50;
	objects = {

/* Begin PBXBuildFile section */
		6DAA791B24EF3A5A00F07842 /* AppDelegate.swift in Sources */ = {isa = PBXBuildFile; fileRef = 6DAA791A24EF3A5A00F07842 /* AppDelegate.swift */; };
		6DAA791D24EF3A5A00F07842 /* SceneDelegate.swift in Sources */ = {isa = PBXBuildFile; fileRef = 6DAA791C24EF3A5A00F07842 /* SceneDelegate.swift */; };
		6DAA791F24EF3A5A00F07842 /* ViewController.swift in Sources */ = {isa = PBXBuildFile; fileRef = 6DAA791E24EF3A5A00F07842 /* ViewController.swift */; };
		6DAA792224EF3A5A00F07842 /* Main.storyboard in Resources */ = {isa = PBXBuildFile; fileRef = 6DAA792024EF3A5A00F07842 /* Main.storyboard */; };
		6DAA792424EF3A5E00F07842 /* Assets.xcassets in Resources */ = {isa = PBXBuildFile; fileRef = 6DAA792324EF3A5E00F07842 /* Assets.xcassets */; };
		6DAA792724EF3A5E00F07842 /* LaunchScreen.storyboard in Resources */ = {isa = PBXBuildFile; fileRef = 6DAA792524EF3A5E00F07842 /* LaunchScreen.storyboard */; };
		6DAA792F24EF3FB400F07842 /* calculator.swift in Sources */ = {isa = PBXBuildFile; fileRef = 6DAA792E24EF3FB400F07842 /* calculator.swift */; };
/* End PBXBuildFile section */

/* Begin PBXFileReference section */
		6DAA791724EF3A5A00F07842 /* CalorieCalculator.app */ = {isa = PBXFileReference; explicitFileType = wrapper.application; includeInIndex = 0; path = CalorieCalculator.app; sourceTree = BUILT_PRODUCTS_DIR; };
		6DAA791A24EF3A5A00F07842 /* AppDelegate.swift */ = {isa = PBXFileReference; lastKnownFileType = sourcecode.swift; path = AppDelegate.swift; sourceTree = "<group>"; };
		6DAA791C24EF3A5A00F07842 /* SceneDelegate.swift */ = {isa = PBXFileReference; lastKnownFileType = sourcecode.swift; path = SceneDelegate.swift; sourceTree = "<group>"; };
		6DAA791E24EF3A5A00F07842 /* ViewController.swift */ = {isa = PBXFileReference; lastKnownFileType = sourcecode.swift; path = ViewController.swift; sourceTree = "<group>"; };
		6DAA792124EF3A5A00F07842 /* Base */ = {isa = PBXFileReference; lastKnownFileType = file.storyboard; name = Base; path = Base.lproj/Main.storyboard; sourceTree = "<group>"; };
		6DAA792324EF3A5E00F07842 /* Assets.xcassets */ = {isa = PBXFileReference; lastKnownFileType = folder.assetcatalog; path = Assets.xcassets; sourceTree = "<group>"; };
		6DAA792624EF3A5E00F07842 /* Base */ = {isa = PBXFileReference; lastKnownFileType = file.storyboard; name = Base; path = Base.lproj/LaunchScreen.storyboard; sourceTree = "<group>"; };
		6DAA792824EF3A5E00F07842 /* Info.plist */ = {isa = PBXFileReference; lastKnownFileType = text.plist.xml; path = Info.plist; sourceTree = "<group>"; };
		6DAA792E24EF3FB400F07842 /* calculator.swift */ = {isa = PBXFileReference; lastKnownFileType = sourcecode.swift; path = calculator.swift; sourceTree = "<group>"; };
/* End PBXFileReference section */

/* Begin PBXFrameworksBuildPhase section */
		6DAA791424EF3A5A00F07842 /* Frameworks */ = {
			isa = PBXFrameworksBuildPhase;
			buildActionMask = 2147483647;
			files = (
			);
			runOnlyForDeploymentPostprocessing = 0;
		};
/* End PBXFrameworksBuildPhase section */

/* Begin PBXGroup section */
		6DAA790E24EF3A5A00F07842 = {
			isa = PBXGroup;
			children = (
				6DAA791924EF3A5A00F07842 /* CalorieCalculator */,
				6DAA791824EF3A5A00F07842 /* Products */,
			);
			sourceTree = "<group>";
		};
		6DAA791824EF3A5A00F07842 /* Products */ = {
			isa = PBXGroup;
			children = (
				6DAA791724EF3A5A00F07842 /* CalorieCalculator.app */,
			);
			name = Products;
			sourceTree = "<group>";
		};
		6DAA791924EF3A5A00F07842 /* CalorieCalculator */ = {
			isa = PBXGroup;
			children = (
				6DAA791A24EF3A5A00F07842 /* AppDelegate.swift */,
				6DAA791C24EF3A5A00F07842 /* SceneDelegate.swift */,
				6DAA791E24EF3A5A00F07842 /* ViewController.swift */,
				6DAA792E24EF3FB400F07842 /* calculator.swift */,
				6DAA792024EF3A5A00F07842 /* Main.storyboard */,
				6DAA792324EF3A5E00F07842 /* Assets.xcassets */,
				6DAA792524EF3A5E00F07842 /* LaunchScreen.storyboard */,
				6DAA792824EF3A5E00F07842 /* Info.plist */,
			);
			path = CalorieCalculator;
			sourceTree = "<group>";
		};
/* End PBXGroup section */

/* Begin PBXNativeTarget section */
		6DAA791624EF3A5A00F07842 /* CalorieCalculator */ = {
			isa = PBXNativeTarget;
			buildConfigurationList = 6DAA792B24EF3A5E00F07842 /* Build configuration list for PBXNativeTarget "CalorieCalculator" */;
			buildPhases = (
				6DAA791324EF3A5A00F07842 /* Sources */,
				6DAA791424EF3A5A00F07842 /* Frameworks */,
				6DAA791524EF3A5A00F07842 /* Resources */,
			);
			buildRules = (
			);
			dependencies = (
			);
			name = CalorieCalculator;
			productName = CalorieCalculator;
			productReference = 6DAA791724EF3A5A00F07842 /* CalorieCalculator.app */;
			productType = "com.apple.product-type.application";
		};
/* End PBXNativeTarget section */

/* Begin PBXProject section */
		6DAA790F24EF3A5A00F07842 /* Project object */ = {
			isa = PBXProject;
			attributes = {
				LastSwiftUpdateCheck = 1140;
				LastUpgradeCheck = 1140;
				ORGANIZATIONNAME = "Alex Rodriguez";
				TargetAttributes = {
					6DAA791624EF3A5A00F07842 = {
						CreatedOnToolsVersion = 11.4;
					};
				};
			};
			buildConfigurationList = 6DAA791224EF3A5A00F07842 /* Build configuration list for PBXProject "CalorieCalculator" */;
			compatibilityVersion = "Xcode 9.3";
			developmentRegion = en;
			hasScannedForEncodings = 0;
			knownRegions = (
				en,
				Base,
			);
			mainGroup = 6DAA790E24EF3A5A00F07842;
			productRefGroup = 6DAA791824EF3A5A00F07842 /* Products */;
			projectDirPath = "";
			projectRoot = "";
			targets = (
				6DAA791624EF3A5A00F07842 /* CalorieCalculator */,
			);
		};
/* End PBXProject section */

/* Begin PBXResourcesBuildPhase section */
		6DAA791524EF3A5A00F07842 /* Resources */ = {
			isa = PBXResourcesBuildPhase;
			buildActionMask = 2147483647;
			files = (
				6DAA792724EF3A5E00F07842 /* LaunchScreen.storyboard in Resources */,
				6DAA792424EF3A5E00F07842 /* Assets.xcassets in Resources */,
				6DAA792224EF3A5A00F07842 /* Main.storyboard in Resources */,
			);
			runOnlyForDeploymentPostprocessing = 0;
		};
/* End PBXResourcesBuildPhase section */

/* Begin PBXSourcesBuildPhase section */
		6DAA791324EF3A5A00F07842 /* Sources */ = {
			isa = PBXSourcesBuildPhase;
			buildActionMask = 2147483647;
			files = (
				6DAA791F24EF3A5A00F07842 /* ViewController.swift in Sources */,
				6DAA792F24EF3FB400F07842 /* calculator.swift in Sources */,
				6DAA791B24EF3A5A00F07842 /* AppDelegate.swift in Sources */,
				6DAA791D24EF3A5A00F07842 /* SceneDelegate.swift in Sources */,
			);
			runOnlyForDeploymentPostprocessing = 0;
		};
/* End PBXSourcesBuildPhase section */

/* Begin PBXVariantGroup section */
		6DAA792024EF3A5A00F07842 /* Main.storyboard */ = {
			isa = PBXVariantGroup;
			children = (
				6DAA792124EF3A5A00F07842 /* Base */,
			);
			name = Main.storyboard;
			sourceTree = "<group>";
		};
		6DAA792524EF3A5E00F07842 /* LaunchScreen.storyboard */ = {
			isa = PBXVariantGroup;
			children = (
				6DAA792624EF3A5E00F07842 /* Base */,
			);
			name = LaunchScreen.storyboard;
			sourceTree = "<group>";
		};
/* End PBXVariantGroup section */

/* Begin XCBuildConfiguration section */
		6DAA792924EF3A5E00F07842 /* Debug */ = {
			isa = XCBuildConfiguration;
			buildSettings = {
				ALWAYS_SEARCH_USER_PATHS = NO;
				CLANG_ANALYZER_NONNULL = YES;
				CLANG_ANALYZER_NUMBER_OBJECT_CONVERSION = YES_AGGRESSIVE;
				CLANG_CXX_LANGUAGE_STANDARD = "gnu++14";
				CLANG_CXX_LIBRARY = "libc++";
				CLANG_ENABLE_MODULES = YES;
				CLANG_ENABLE_OBJC_ARC = YES;
				CLANG_ENABLE_OBJC_WEAK = YES;
				CLANG_WARN_BLOCK_CAPTURE_AUTORELEASING = YES;
				CLANG_WARN_BOOL_CONVERSION = YES;
				CLANG_WARN_COMMA = YES;
				CLANG_WARN_CONSTANT_CONVERSION = YES;
				CLANG_WARN_DEPRECATED_OBJC_IMPLEMENTATIONS = YES;
				CLANG_WARN_DIRECT_OBJC_ISA_USAGE = YES_ERROR;
				CLANG_WARN_DOCUMENTATION_COMMENTS = YES;
				CLANG_WARN_EMPTY_BODY = YES;
				CLANG_WARN_ENUM_CONVERSION = YES;
				CLANG_WARN_INFINITE_RECURSION = YES;
				CLANG_WARN_INT_CONVERSION = YES;
				CLANG_WARN_NON_LITERAL_NULL_CONVERSION = YES;
				CLANG_WARN_OBJC_IMPLICIT_RETAIN_SELF = YES;
				CLANG_WARN_OBJC_LITERAL_CONVERSION = YES;
				CLANG_WARN_OBJC_ROOT_CLASS = YES_ERROR;
				CLANG_WARN_RANGE_LOOP_ANALYSIS = YES;
				CLANG_WARN_STRICT_PROTOTYPES = YES;
				CLANG_WARN_SUSPICIOUS_MOVE = YES;
				CLANG_WARN_UNGUARDED_AVAILABILITY = YES_AGGRESSIVE;
				CLANG_WARN_UNREACHABLE_CODE = YES;
				CLANG_WARN__DUPLICATE_METHOD_MATCH = YES;
				COPY_PHASE_STRIP = NO;
				DEBUG_INFORMATION_FORMAT = dwarf;
				ENABLE_STRICT_OBJC_MSGSEND = YES;
				ENABLE_TESTABILITY = YES;
				GCC_C_LANGUAGE_STANDARD = gnu11;
				GCC_DYNAMIC_NO_PIC = NO;
				GCC_NO_COMMON_BLOCKS = YES;
				GCC_OPTIMIZATION_LEVEL = 0;
				GCC_PREPROCESSOR_DEFINITIONS = (
					"DEBUG=1",
					"$(inherited)",
				);
				GCC_WARN_64_TO_32_BIT_CONVERSION = YES;
				GCC_WARN_ABOUT_RETURN_TYPE = YES_ERROR;
				GCC_WARN_UNDECLARED_SELECTOR = YES;
				GCC_WARN_UNINITIALIZED_AUTOS = YES_AGGRESSIVE;
				GCC_WARN_UNUSED_FUNCTION = YES;
				GCC_WARN_UNUSED_VARIABLE = YES;
				IPHONEOS_DEPLOYMENT_TARGET = 13.4;
				MTL_ENABLE_DEBUG_INFO = INCLUDE_SOURCE;
				MTL_FAST_MATH = YES;
				ONLY_ACTIVE_ARCH = YES;
				SDKROOT = iphoneos;
				SWIFT_ACTIVE_COMPILATION_CONDITIONS = DEBUG;
				SWIFT_OPTIMIZATION_LEVEL = "-Onone";
			};
			name = Debug;
		};
		6DAA792A24EF3A5E00F07842 /* Release */ = {
			isa = XCBuildConfiguration;
			buildSettings = {
				ALWAYS_SEARCH_USER_PATHS = NO;
				CLANG_ANALYZER_NONNULL = YES;
				CLANG_ANALYZER_NUMBER_OBJECT_CONVERSION = YES_AGGRESSIVE;
				CLANG_CXX_LANGUAGE_STANDARD = "gnu++14";
				CLANG_CXX_LIBRARY = "libc++";
				CLANG_ENABLE_MODULES = YES;
				CLANG_ENABLE_OBJC_ARC = YES;
				CLANG_ENABLE_OBJC_WEAK = YES;
				CLANG_WARN_BLOCK_CAPTURE_AUTORELEASING = YES;
				CLANG_WARN_BOOL_CONVERSION = YES;
				CLANG_WARN_COMMA = YES;
				CLANG_WARN_CONSTANT_CONVERSION = YES;
				CLANG_WARN_DEPRECATED_OBJC_IMPLEMENTATIONS = YES;
				CLANG_WARN_DIRECT_OBJC_ISA_USAGE = YES_ERROR;
				CLANG_WARN_DOCUMENTATION_COMMENTS = YES;
				CLANG_WARN_EMPTY_BODY = YES;
				CLANG_WARN_ENUM_CONVERSION = YES;
				CLANG_WARN_INFINITE_RECURSION = YES;
				CLANG_WARN_INT_CONVERSION = YES;
				CLANG_WARN_NON_LITERAL_NULL_CONVERSION = YES;
				CLANG_WARN_OBJC_IMPLICIT_RETAIN_SELF = YES;
				CLANG_WARN_OBJC_LITERAL_CONVERSION = YES;
				CLANG_WARN_OBJC_ROOT_CLASS = YES_ERROR;
				CLANG_WARN_RANGE_LOOP_ANALYSIS = YES;
				CLANG_WARN_STRICT_PROTOTYPES = YES;
				CLANG_WARN_SUSPICIOUS_MOVE = YES;
				CLANG_WARN_UNGUARDED_AVAILABILITY = YES_AGGRESSIVE;
				CLANG_WARN_UNREACHABLE_CODE = YES;
				CLANG_WARN__DUPLICATE_METHOD_MATCH = YES;
				COPY_PHASE_STRIP = NO;
				DEBUG_INFORMATION_FORMAT = "dwarf-with-dsym";
				ENABLE_NS_ASSERTIONS = NO;
				ENABLE_STRICT_OBJC_MSGSEND = YES;
				GCC_C_LANGUAGE_STANDARD = gnu11;
				GCC_NO_COMMON_BLOCKS = YES;
				GCC_WARN_64_TO_32_BIT_CONVERSION = YES;
				GCC_WARN_ABOUT_RETURN_TYPE = YES_ERROR;
				GCC_WARN_UNDECLARED_SELECTOR = YES;
				GCC_WARN_UNINITIALIZED_AUTOS = YES_AGGRESSIVE;
				GCC_WARN_UNUSED_FUNCTION = YES;
				GCC_WARN_UNUSED_VARIABLE = YES;
				IPHONEOS_DEPLOYMENT_TARGET = 13.4;
				MTL_ENABLE_DEBUG_INFO = NO;
				MTL_FAST_MATH = YES;
				SDKROOT = iphoneos;
				SWIFT_COMPILATION_MODE = wholemodule;
				SWIFT_OPTIMIZATION_LEVEL = "-O";
				VALIDATE_PRODUCT = YES;
			};
			name = Release;
		};
		6DAA792C24EF3A5E00F07842 /* Debug */ = {
			isa = XCBuildConfiguration;
			buildSettings = {
				ASSETCATALOG_COMPILER_APPICON_NAME = AppIcon;
				CODE_SIGN_STYLE = Automatic;
				INFOPLIST_FILE = CalorieCalculator/Info.plist;
				LD_RUNPATH_SEARCH_PATHS = (
					"$(inherited)",
					"@executable_path/Frameworks",
				);
				PRODUCT_BUNDLE_IDENTIFIER = alr18.CalorieCalculator;
				PRODUCT_NAME = "$(TARGET_NAME)";
				SWIFT_VERSION = 5.0;
				TARGETED_DEVICE_FAMILY = "1,2";
			};
			name = Debug;
		};
		6DAA792D24EF3A5E00F07842 /* Release */ = {
			isa = XCBuildConfiguration;
			buildSettings = {
				ASSETCATALOG_COMPILER_APPICON_NAME = AppIcon;
				CODE_SIGN_STYLE = Automatic;
				INFOPLIST_FILE = CalorieCalculator/Info.plist;
				LD_RUNPATH_SEARCH_PATHS = (
					"$(inherited)",
					"@executable_path/Frameworks",
				);
				PRODUCT_BUNDLE_IDENTIFIER = alr18.CalorieCalculator;
				PRODUCT_NAME = "$(TARGET_NAME)";
				SWIFT_VERSION = 5.0;
				TARGETED_DEVICE_FAMILY = "1,2";
			};
			name = Release;
		};
/* End XCBuildConfiguration section */

/* Begin XCConfigurationList section */
		6DAA791224EF3A5A00F07842 /* Build configuration list for PBXProject "CalorieCalculator" */ = {
			isa = XCConfigurationList;
			buildConfigurations = (
				6DAA792924EF3A5E00F07842 /* Debug */,
				6DAA792A24EF3A5E00F07842 /* Release */,
			);
			defaultConfigurationIsVisible = 0;
			defaultConfigurationName = Release;
		};
		6DAA792B24EF3A5E00F07842 /* Build configuration list for PBXNativeTarget "CalorieCalculator" */ = {
			isa = XCConfigurationList;
			buildConfigurations = (
				6DAA792C24EF3A5E00F07842 /* Debug */,
				6DAA792D24EF3A5E00F07842 /* Release */,
			);
			defaultConfigurationIsVisible = 0;
			defaultConfigurationName = Release;
		};
/* End XCConfigurationList section */
	};
	rootObject = 6DAA790F24EF3A5A00F07842 /* Project object */;
}
